// !$*UTF8*$!
{
	archiveVersion = 1;
	classes = {
	};
	objectVersion = 48;
	objects = {

/* Begin PBXBuildFile section */
		A3832B401FECA509004146BF /* AppDelegate.swift in Sources */ = {isa = PBXBuildFile; fileRef = A3832B3F1FECA509004146BF /* AppDelegate.swift */; };
		A3832B421FECA509004146BF /* ViewController.swift in Sources */ = {isa = PBXBuildFile; fileRef = A3832B411FECA509004146BF /* ViewController.swift */; };
		A3832B451FECA509004146BF /* Main.storyboard in Resources */ = {isa = PBXBuildFile; fileRef = A3832B431FECA509004146BF /* Main.storyboard */; };
		A3832B471FECA509004146BF /* Assets.xcassets in Resources */ = {isa = PBXBuildFile; fileRef = A3832B461FECA509004146BF /* Assets.xcassets */; };
		A3832B4A1FECA509004146BF /* LaunchScreen.storyboard in Resources */ = {isa = PBXBuildFile; fileRef = A3832B481FECA509004146BF /* LaunchScreen.storyboard */; };
		A3832B531FECA58F004146BF /* ZTTextField.swift in Sources */ = {isa = PBXBuildFile; fileRef = A3832B521FECA58F004146BF /* ZTTextField.swift */; };
/* End PBXBuildFile section */

/* Begin PBXFileReference section */
		A3832B3C1FECA509004146BF /* ZTTextField-Swift.app */ = {isa = PBXFileReference; explicitFileType = wrapper.application; includeInIndex = 0; path = "ZTTextField-Swift.app"; sourceTree = BUILT_PRODUCTS_DIR; };
		A3832B3F1FECA509004146BF /* AppDelegate.swift */ = {isa = PBXFileReference; lastKnownFileType = sourcecode.swift; path = AppDelegate.swift; sourceTree = "<group>"; };
		A3832B411FECA509004146BF /* ViewController.swift */ = {isa = PBXFileReference; lastKnownFileType = sourcecode.swift; path = ViewController.swift; sourceTree = "<group>"; };
		A3832B441FECA509004146BF /* Base */ = {isa = PBXFileReference; lastKnownFileType = file.storyboard; name = Base; path = Base.lproj/Main.storyboard; sourceTree = "<group>"; };
		A3832B461FECA509004146BF /* Assets.xcassets */ = {isa = PBXFileReference; lastKnownFileType = folder.assetcatalog; path = Assets.xcassets; sourceTree = "<group>"; };
		A3832B491FECA509004146BF /* Base */ = {isa = PBXFileReference; lastKnownFileType = file.storyboard; name = Base; path = Base.lproj/LaunchScreen.storyboard; sourceTree = "<group>"; };
		A3832B4B1FECA509004146BF /* Info.plist */ = {isa = PBXFileReference; lastKnownFileType = text.plist.xml; path = Info.plist; sourceTree = "<group>"; };
		A3832B521FECA58F004146BF /* ZTTextField.swift */ = {isa = PBXFileReference; lastKnownFileType = sourcecode.swift; path = ZTTextField.swift; sourceTree = "<group>"; };
/* End PBXFileReference section */

/* Begin PBXFrameworksBuildPhase section */
		A3832B391FECA509004146BF /* Frameworks */ = {
			isa = PBXFrameworksBuildPhase;
			buildActionMask = 2147483647;
			files = (
			);
			runOnlyForDeploymentPostprocessing = 0;
		};
/* End PBXFrameworksBuildPhase section */

/* Begin PBXGroup section */
		A3832B331FECA509004146BF = {
			isa = PBXGroup;
			children = (
				A3832B3E1FECA509004146BF /* ZTTextField-Swift */,
				A3832B3D1FECA509004146BF /* Products */,
			);
			sourceTree = "<group>";
		};
		A3832B3D1FECA509004146BF /* Products */ = {
			isa = PBXGroup;
			children = (
				A3832B3C1FECA509004146BF /* ZTTextField-Swift.app */,
			);
			name = Products;
			sourceTree = "<group>";
		};
		A3832B3E1FECA509004146BF /* ZTTextField-Swift */ = {
			isa = PBXGroup;
			children = (
				A3832B511FECA54F004146BF /* ZTTextField */,
				A3832B3F1FECA509004146BF /* AppDelegate.swift */,
				A3832B411FECA509004146BF /* ViewController.swift */,
				A3832B431FECA509004146BF /* Main.storyboard */,
				A3832B461FECA509004146BF /* Assets.xcassets */,
				A3832B481FECA509004146BF /* LaunchScreen.storyboard */,
				A3832B4B1FECA509004146BF /* Info.plist */,
			);
			path = "ZTTextField-Swift";
			sourceTree = "<group>";
		};
		A3832B511FECA54F004146BF /* ZTTextField */ = {
			isa = PBXGroup;
			children = (
				A3832B521FECA58F004146BF /* ZTTextField.swift */,
			);
			path = ZTTextField;
			sourceTree = "<group>";
		};
/* End PBXGroup section */

/* Begin PBXNativeTarget section */
		A3832B3B1FECA509004146BF /* ZTTextField-Swift */ = {
			isa = PBXNativeTarget;
			buildConfigurationList = A3832B4E1FECA509004146BF /* Build configuration list for PBXNativeTarget "ZTTextField-Swift" */;
			buildPhases = (
				A3832B381FECA509004146BF /* Sources */,
				A3832B391FECA509004146BF /* Frameworks */,
				A3832B3A1FECA509004146BF /* Resources */,
			);
			buildRules = (
			);
			dependencies = (
			);
			name = "ZTTextField-Swift";
			productName = "ZTTextField-Swift";
			productReference = A3832B3C1FECA509004146BF /* ZTTextField-Swift.app */;
			productType = "com.apple.product-type.application";
		};
/* End PBXNativeTarget section */

/* Begin PBXProject section */
		A3832B341FECA509004146BF /* Project object */ = {
			isa = PBXProject;
			attributes = {
				LastSwiftUpdateCheck = 0910;
				LastUpgradeCheck = 0910;
				ORGANIZATIONNAME = zhaitong;
				TargetAttributes = {
					A3832B3B1FECA509004146BF = {
						CreatedOnToolsVersion = 9.1;
						ProvisioningStyle = Automatic;
					};
				};
			};
			buildConfigurationList = A3832B371FECA509004146BF /* Build configuration list for PBXProject "ZTTextField-Swift" */;
			compatibilityVersion = "Xcode 8.0";
			developmentRegion = en;
			hasScannedForEncodings = 0;
			knownRegions = (
				en,
				Base,
			);
			mainGroup = A3832B331FECA509004146BF;
			productRefGroup = A3832B3D1FECA509004146BF /* Products */;
			projectDirPath = "";
			projectRoot = "";
			targets = (
				A3832B3B1FECA509004146BF /* ZTTextField-Swift */,
			);
		};
/* End PBXProject section */

/* Begin PBXResourcesBuildPhase section */
		A3832B3A1FECA509004146BF /* Resources */ = {
			isa = PBXResourcesBuildPhase;
			buildActionMask = 2147483647;
			files = (
				A3832B4A1FECA509004146BF /* LaunchScreen.storyboard in Resources */,
				A3832B471FECA509004146BF /* Assets.xcassets in Resources */,
				A3832B451FECA509004146BF /* Main.storyboard in Resources */,
			);
			runOnlyForDeploymentPostprocessing = 0;
		};
/* End PBXResourcesBuildPhase section */

/* Begin PBXSourcesBuildPhase section */
		A3832B381FECA509004146BF /* Sources */ = {
			isa = PBXSourcesBuildPhase;
			buildActionMask = 2147483647;
			files = (
				A3832B421FECA509004146BF /* ViewController.swift in Sources */,
				A3832B531FECA58F004146BF /* ZTTextField.swift in Sources */,
				A3832B401FECA509004146BF /* AppDelegate.swift in Sources */,
			);
			runOnlyForDeploymentPostprocessing = 0;
		};
/* End PBXSourcesBuildPhase section */

/* Begin PBXVariantGroup section */
		A3832B431FECA509004146BF /* Main.storyboard */ = {
			isa = PBXVariantGroup;
			children = (
				A3832B441FECA509004146BF /* Base */,
			);
			name = Main.storyboard;
			sourceTree = "<group>";
		};
		A3832B481FECA509004146BF /* LaunchScreen.storyboard */ = {
			isa = PBXVariantGroup;
			children = (
				A3832B491FECA509004146BF /* Base */,
			);
			name = LaunchScreen.storyboard;
			sourceTree = "<group>";
		};
/* End PBXVariantGroup section */

/* Begin XCBuildConfiguration section */
		A3832B4C1FECA509004146BF /* Debug */ = {
			isa = XCBuildConfiguration;
			buildSettings = {
				ALWAYS_SEARCH_USER_PATHS = NO;
				CLANG_ANALYZER_NONNULL = YES;
				CLANG_ANALYZER_NUMBER_OBJECT_CONVERSION = YES_AGGRESSIVE;
				CLANG_CXX_LANGUAGE_STANDARD = "gnu++14";
				CLANG_CXX_LIBRARY = "libc++";
				CLANG_ENABLE_MODULES = YES;
				CLANG_ENABLE_OBJC_ARC = YES;
				CLANG_WARN_BLOCK_CAPTURE_AUTORELEASING = YES;
				CLANG_WARN_BOOL_CONVERSION = YES;
				CLANG_WARN_COMMA = YES;
				CLANG_WARN_CONSTANT_CONVERSION = YES;
				CLANG_WARN_DIRECT_OBJC_ISA_USAGE = YES_ERROR;
				CLANG_WARN_DOCUMENTATION_COMMENTS = YES;
				CLANG_WARN_EMPTY_BODY = YES;
				CLANG_WARN_ENUM_CONVERSION = YES;
				CLANG_WARN_INFINITE_RECURSION = YES;
				CLANG_WARN_INT_CONVERSION = YES;
				CLANG_WARN_NON_LITERAL_NULL_CONVERSION = YES;
				CLANG_WARN_OBJC_LITERAL_CONVERSION = YES;
				CLANG_WARN_OBJC_ROOT_CLASS = YES_ERROR;
				CLANG_WARN_RANGE_LOOP_ANALYSIS = YES;
				CLANG_WARN_STRICT_PROTOTYPES = YES;
				CLANG_WARN_SUSPICIOUS_MOVE = YES;
				CLANG_WARN_UNGUARDED_AVAILABILITY = YES_AGGRESSIVE;
				CLANG_WARN_UNREACHABLE_CODE = YES;
				CLANG_WARN__DUPLICATE_METHOD_MATCH = YES;
				CODE_SIGN_IDENTITY = "iPhone Developer";
				COPY_PHASE_STRIP = NO;
				DEBUG_INFORMATION_FORMAT = dwarf;
				ENABLE_STRICT_OBJC_MSGSEND = YES;
				ENABLE_TESTABILITY = YES;
				GCC_C_LANGUAGE_STANDARD = gnu11;
				GCC_DYNAMIC_NO_PIC = NO;
				GCC_NO_COMMON_BLOCKS = YES;
				GCC_OPTIMIZATION_LEVEL = 0;
				GCC_PREPROCESSOR_DEFINITIONS = (
					"DEBUG=1",
					"$(inherited)",
				);
				GCC_WARN_64_TO_32_BIT_CONVERSION = YES;
				GCC_WARN_ABOUT_RETURN_TYPE = YES_ERROR;
				GCC_WARN_UNDECLARED_SELECTOR = YES;
				GCC_WARN_UNINITIALIZED_AUTOS = YES_AGGRESSIVE;
				GCC_WARN_UNUSED_FUNCTION = YES;
				GCC_WARN_UNUSED_VARIABLE = YES;
				IPHONEOS_DEPLOYMENT_TARGET = 11.1;
				MTL_ENABLE_DEBUG_INFO = YES;
				ONLY_ACTIVE_ARCH = YES;
				SDKROOT = iphoneos;
				SWIFT_ACTIVE_COMPILATION_CONDITIONS = DEBUG;
				SWIFT_OPTIMIZATION_LEVEL = "-Onone";
			};
			name = Debug;
		};
		A3832B4D1FECA509004146BF /* Release */ = {
			isa = XCBuildConfiguration;
			buildSettings = {
				ALWAYS_SEARCH_USER_PATHS = NO;
				CLANG_ANALYZER_NONNULL = YES;
				CLANG_ANALYZER_NUMBER_OBJECT_CONVERSION = YES_AGGRESSIVE;
				CLANG_CXX_LANGUAGE_STANDARD = "gnu++14";
				CLANG_CXX_LIBRARY = "libc++";
				CLANG_ENABLE_MODULES = YES;
				CLANG_ENABLE_OBJC_ARC = YES;
				CLANG_WARN_BLOCK_CAPTURE_AUTORELEASING = YES;
				CLANG_WARN_BOOL_CONVERSION = YES;
				CLANG_WARN_COMMA = YES;
				CLANG_WARN_CONSTANT_CONVERSION = YES;
				CLANG_WARN_DIRECT_OBJC_ISA_USAGE = YES_ERROR;
				CLANG_WARN_DOCUMENTATION_COMMENTS = YES;
				CLANG_WARN_EMPTY_BODY = YES;
				CLANG_WARN_ENUM_CONVERSION = YES;
				CLANG_WARN_INFINITE_RECURSION = YES;
				CLANG_WARN_INT_CONVERSION = YES;
				CLANG_WARN_NON_LITERAL_NULL_CONVERSION = YES;
				CLANG_WARN_OBJC_LITERAL_CONVERSION = YES;
				CLANG_WARN_OBJC_ROOT_CLASS = YES_ERROR;
				CLANG_WARN_RANGE_LOOP_ANALYSIS = YES;
				CLANG_WARN_STRICT_PROTOTYPES = YES;
				CLANG_WARN_SUSPICIOUS_MOVE = YES;
				CLANG_WARN_UNGUARDED_AVAILABILITY = YES_AGGRESSIVE;
				CLANG_WARN_UNREACHABLE_CODE = YES;
				CLANG_WARN__DUPLICATE_METHOD_MATCH = YES;
				CODE_SIGN_IDENTITY = "iPhone Developer";
				COPY_PHASE_STRIP = NO;
				DEBUG_INFORMATION_FORMAT = "dwarf-with-dsym";
				ENABLE_NS_ASSERTIONS = NO;
				ENABLE_STRICT_OBJC_MSGSEND = YES;
				GCC_C_LANGUAGE_STANDARD = gnu11;
				GCC_NO_COMMON_BLOCKS = YES;
				GCC_WARN_64_TO_32_BIT_CONVERSION = YES;
				GCC_WARN_ABOUT_RETURN_TYPE = YES_ERROR;
				GCC_WARN_UNDECLARED_SELECTOR = YES;
				GCC_WARN_UNINITIALIZED_AUTOS = YES_AGGRESSIVE;
				GCC_WARN_UNUSED_FUNCTION = YES;
				GCC_WARN_UNUSED_VARIABLE = YES;
				IPHONEOS_DEPLOYMENT_TARGET = 11.1;
				MTL_ENABLE_DEBUG_INFO = NO;
				SDKROOT = iphoneos;
				SWIFT_OPTIMIZATION_LEVEL = "-Owholemodule";
				VALIDATE_PRODUCT = YES;
			};
			name = Release;
		};
		A3832B4F1FECA509004146BF /* Debug */ = {
			isa = XCBuildConfiguration;
			buildSettings = {
				ASSETCATALOG_COMPILER_APPICON_NAME = AppIcon;
				CODE_SIGN_STYLE = Automatic;
				INFOPLIST_FILE = "ZTTextField-Swift/Info.plist";
				LD_RUNPATH_SEARCH_PATHS = "$(inherited) @executable_path/Frameworks";
				PRODUCT_BUNDLE_IDENTIFIER = "zttextfield.ZTTextField-Swift";
				PRODUCT_NAME = "$(TARGET_NAME)";
				SWIFT_VERSION = 4.0;
				TARGETED_DEVICE_FAMILY = "1,2";
			};
			name = Debug;
		};
		A3832B501FECA509004146BF /* Release */ = {
			isa = XCBuildConfiguration;
			buildSettings = {
				ASSETCATALOG_COMPILER_APPICON_NAME = AppIcon;
				CODE_SIGN_STYLE = Automatic;
				INFOPLIST_FILE = "ZTTextField-Swift/Info.plist";
				LD_RUNPATH_SEARCH_PATHS = "$(inherited) @executable_path/Frameworks";
				PRODUCT_BUNDLE_IDENTIFIER = "zttextfield.ZTTextField-Swift";
				PRODUCT_NAME = "$(TARGET_NAME)";
				SWIFT_VERSION = 4.0;
				TARGETED_DEVICE_FAMILY = "1,2";
			};
			name = Release;
		};
/* End XCBuildConfiguration section */

/* Begin XCConfigurationList section */
		A3832B371FECA509004146BF /* Build configuration list for PBXProject "ZTTextField-Swift" */ = {
			isa = XCConfigurationList;
			buildConfigurations = (
				A3832B4C1FECA509004146BF /* Debug */,
				A3832B4D1FECA509004146BF /* Release */,
			);
			defaultConfigurationIsVisible = 0;
			defaultConfigurationName = Release;
		};
		A3832B4E1FECA509004146BF /* Build configuration list for PBXNativeTarget "ZTTextField-Swift" */ = {
			isa = XCConfigurationList;
			buildConfigurations = (
				A3832B4F1FECA509004146BF /* Debug */,
				A3832B501FECA509004146BF /* Release */,
			);
			defaultConfigurationIsVisible = 0;
			defaultConfigurationName = Release;
		};
/* End XCConfigurationList section */
	};
	rootObject = A3832B341FECA509004146BF /* Project object */;
}
